// !$*UTF8*$!
{
	archiveVersion = 1;
	classes = {
	};
	objectVersion = 56;
	objects = {

/* Begin PBXBuildFile section */
		017A5B512A0979F700C2253A /* AnimateImageApp.swift in Sources */ = {isa = PBXBuildFile; fileRef = 017A5B502A0979F700C2253A /* AnimateImageApp.swift */; };
		017A5B532A0979F700C2253A /* ContentView.swift in Sources */ = {isa = PBXBuildFile; fileRef = 017A5B522A0979F700C2253A /* ContentView.swift */; };
		017A5B552A0979FA00C2253A /* Assets.xcassets in Resources */ = {isa = PBXBuildFile; fileRef = 017A5B542A0979FA00C2253A /* Assets.xcassets */; };
		017A5B582A0979FA00C2253A /* Preview Assets.xcassets in Resources */ = {isa = PBXBuildFile; fileRef = 017A5B572A0979FA00C2253A /* Preview Assets.xcassets */; };
		017A5B5F2A097C1200C2253A /* Heart.swift in Sources */ = {isa = PBXBuildFile; fileRef = 017A5B5E2A097C1200C2253A /* Heart.swift */; };
		017A5B612A097E9600C2253A /* Life.swift in Sources */ = {isa = PBXBuildFile; fileRef = 017A5B602A097E9600C2253A /* Life.swift */; };
		019303352A099C9700C53252 /* Bell.swift in Sources */ = {isa = PBXBuildFile; fileRef = 019303342A099C9700C53252 /* Bell.swift */; };
		019303372A09A0E900C53252 /* Scroll.swift in Sources */ = {isa = PBXBuildFile; fileRef = 019303362A09A0E900C53252 /* Scroll.swift */; };
		019303392A09ADFE00C53252 /* DropDown.swift in Sources */ = {isa = PBXBuildFile; fileRef = 019303382A09ADFE00C53252 /* DropDown.swift */; };
		01D71A332A0AF75100D12424 /* TestingPurpose.swift in Sources */ = {isa = PBXBuildFile; fileRef = 01D71A322A0AF75100D12424 /* TestingPurpose.swift */; };
/* End PBXBuildFile section */

/* Begin PBXFileReference section */
		017A5B4D2A0979F700C2253A /* AnimateImage.app */ = {isa = PBXFileReference; explicitFileType = wrapper.application; includeInIndex = 0; path = AnimateImage.app; sourceTree = BUILT_PRODUCTS_DIR; };
		017A5B502A0979F700C2253A /* AnimateImageApp.swift */ = {isa = PBXFileReference; lastKnownFileType = sourcecode.swift; path = AnimateImageApp.swift; sourceTree = "<group>"; };
		017A5B522A0979F700C2253A /* ContentView.swift */ = {isa = PBXFileReference; lastKnownFileType = sourcecode.swift; path = ContentView.swift; sourceTree = "<group>"; };
		017A5B542A0979FA00C2253A /* Assets.xcassets */ = {isa = PBXFileReference; lastKnownFileType = folder.assetcatalog; path = Assets.xcassets; sourceTree = "<group>"; };
		017A5B572A0979FA00C2253A /* Preview Assets.xcassets */ = {isa = PBXFileReference; lastKnownFileType = folder.assetcatalog; path = "Preview Assets.xcassets"; sourceTree = "<group>"; };
		017A5B5E2A097C1200C2253A /* Heart.swift */ = {isa = PBXFileReference; lastKnownFileType = sourcecode.swift; path = Heart.swift; sourceTree = "<group>"; };
		017A5B602A097E9600C2253A /* Life.swift */ = {isa = PBXFileReference; lastKnownFileType = sourcecode.swift; path = Life.swift; sourceTree = "<group>"; };
		019303342A099C9700C53252 /* Bell.swift */ = {isa = PBXFileReference; lastKnownFileType = sourcecode.swift; path = Bell.swift; sourceTree = "<group>"; };
		019303362A09A0E900C53252 /* Scroll.swift */ = {isa = PBXFileReference; lastKnownFileType = sourcecode.swift; path = Scroll.swift; sourceTree = "<group>"; };
		019303382A09ADFE00C53252 /* DropDown.swift */ = {isa = PBXFileReference; lastKnownFileType = sourcecode.swift; path = DropDown.swift; sourceTree = "<group>"; };
		01D71A322A0AF75100D12424 /* TestingPurpose.swift */ = {isa = PBXFileReference; lastKnownFileType = sourcecode.swift; path = TestingPurpose.swift; sourceTree = "<group>"; };
/* End PBXFileReference section */

/* Begin PBXFrameworksBuildPhase section */
		017A5B4A2A0979F700C2253A /* Frameworks */ = {
			isa = PBXFrameworksBuildPhase;
			buildActionMask = 2147483647;
			files = (
			);
			runOnlyForDeploymentPostprocessing = 0;
		};
/* End PBXFrameworksBuildPhase section */

/* Begin PBXGroup section */
		017A5B442A0979F700C2253A = {
			isa = PBXGroup;
			children = (
				01D71A322A0AF75100D12424 /* TestingPurpose.swift */,
				017A5B5E2A097C1200C2253A /* Heart.swift */,
				017A5B4F2A0979F700C2253A /* AnimateImage */,
				017A5B4E2A0979F700C2253A /* Products */,
			);
			sourceTree = "<group>";
		};
		017A5B4E2A0979F700C2253A /* Products */ = {
			isa = PBXGroup;
			children = (
				017A5B4D2A0979F700C2253A /* AnimateImage.app */,
			);
			name = Products;
			sourceTree = "<group>";
		};
		017A5B4F2A0979F700C2253A /* AnimateImage */ = {
			isa = PBXGroup;
			children = (
				017A5B502A0979F700C2253A /* AnimateImageApp.swift */,
				017A5B522A0979F700C2253A /* ContentView.swift */,
				019303382A09ADFE00C53252 /* DropDown.swift */,
				019303342A099C9700C53252 /* Bell.swift */,
				019303362A09A0E900C53252 /* Scroll.swift */,
				017A5B602A097E9600C2253A /* Life.swift */,
				017A5B542A0979FA00C2253A /* Assets.xcassets */,
				017A5B562A0979FA00C2253A /* Preview Content */,
			);
			path = AnimateImage;
			sourceTree = "<group>";
		};
		017A5B562A0979FA00C2253A /* Preview Content */ = {
			isa = PBXGroup;
			children = (
				017A5B572A0979FA00C2253A /* Preview Assets.xcassets */,
			);
			path = "Preview Content";
			sourceTree = "<group>";
		};
/* End PBXGroup section */

/* Begin PBXNativeTarget section */
		017A5B4C2A0979F700C2253A /* AnimateImage */ = {
			isa = PBXNativeTarget;
			buildConfigurationList = 017A5B5B2A0979FA00C2253A /* Build configuration list for PBXNativeTarget "AnimateImage" */;
			buildPhases = (
				017A5B492A0979F700C2253A /* Sources */,
				017A5B4A2A0979F700C2253A /* Frameworks */,
				017A5B4B2A0979F700C2253A /* Resources */,
			);
			buildRules = (
			);
			dependencies = (
			);
			name = AnimateImage;
			productName = AnimateImage;
			productReference = 017A5B4D2A0979F700C2253A /* AnimateImage.app */;
			productType = "com.apple.product-type.application";
		};
/* End PBXNativeTarget section */

/* Begin PBXProject section */
		017A5B452A0979F700C2253A /* Project object */ = {
			isa = PBXProject;
			attributes = {
				BuildIndependentTargetsInParallel = 1;
				LastSwiftUpdateCheck = 1420;
				LastUpgradeCheck = 1420;
				TargetAttributes = {
					017A5B4C2A0979F700C2253A = {
						CreatedOnToolsVersion = 14.2;
					};
				};
			};
			buildConfigurationList = 017A5B482A0979F700C2253A /* Build configuration list for PBXProject "AnimateImage" */;
			compatibilityVersion = "Xcode 14.0";
			developmentRegion = en;
			hasScannedForEncodings = 0;
			knownRegions = (
				en,
				Base,
			);
			mainGroup = 017A5B442A0979F700C2253A;
			productRefGroup = 017A5B4E2A0979F700C2253A /* Products */;
			projectDirPath = "";
			projectRoot = "";
			targets = (
				017A5B4C2A0979F700C2253A /* AnimateImage */,
			);
		};
/* End PBXProject section */

/* Begin PBXResourcesBuildPhase section */
		017A5B4B2A0979F700C2253A /* Resources */ = {
			isa = PBXResourcesBuildPhase;
			buildActionMask = 2147483647;
			files = (
				017A5B582A0979FA00C2253A /* Preview Assets.xcassets in Resources */,
				017A5B552A0979FA00C2253A /* Assets.xcassets in Resources */,
			);
			runOnlyForDeploymentPostprocessing = 0;
		};
/* End PBXResourcesBuildPhase section */

/* Begin PBXSourcesBuildPhase section */
		017A5B492A0979F700C2253A /* Sources */ = {
			isa = PBXSourcesBuildPhase;
			buildActionMask = 2147483647;
			files = (
				017A5B5F2A097C1200C2253A /* Heart.swift in Sources */,
				017A5B612A097E9600C2253A /* Life.swift in Sources */,
				019303372A09A0E900C53252 /* Scroll.swift in Sources */,
				01D71A332A0AF75100D12424 /* TestingPurpose.swift in Sources */,
				019303352A099C9700C53252 /* Bell.swift in Sources */,
				017A5B532A0979F700C2253A /* ContentView.swift in Sources */,
				019303392A09ADFE00C53252 /* DropDown.swift in Sources */,
				017A5B512A0979F700C2253A /* AnimateImageApp.swift in Sources */,
			);
			runOnlyForDeploymentPostprocessing = 0;
		};
/* End PBXSourcesBuildPhase section */

/* Begin XCBuildConfiguration section */
		017A5B592A0979FA00C2253A /* Debug */ = {
			isa = XCBuildConfiguration;
			buildSettings = {
				ALWAYS_SEARCH_USER_PATHS = NO;
				CLANG_ANALYZER_NONNULL = YES;
				CLANG_ANALYZER_NUMBER_OBJECT_CONVERSION = YES_AGGRESSIVE;
				CLANG_CXX_LANGUAGE_STANDARD = "gnu++20";
				CLANG_ENABLE_MODULES = YES;
				CLANG_ENABLE_OBJC_ARC = YES;
				CLANG_ENABLE_OBJC_WEAK = YES;
				CLANG_WARN_BLOCK_CAPTURE_AUTORELEASING = YES;
				CLANG_WARN_BOOL_CONVERSION = YES;
				CLANG_WARN_COMMA = YES;
				CLANG_WARN_CONSTANT_CONVERSION = YES;
				CLANG_WARN_DEPRECATED_OBJC_IMPLEMENTATIONS = YES;
				CLANG_WARN_DIRECT_OBJC_ISA_USAGE = YES_ERROR;
				CLANG_WARN_DOCUMENTATION_COMMENTS = YES;
				CLANG_WARN_EMPTY_BODY = YES;
				CLANG_WARN_ENUM_CONVERSION = YES;
				CLANG_WARN_INFINITE_RECURSION = YES;
				CLANG_WARN_INT_CONVERSION = YES;
				CLANG_WARN_NON_LITERAL_NULL_CONVERSION = YES;
				CLANG_WARN_OBJC_IMPLICIT_RETAIN_SELF = YES;
				CLANG_WARN_OBJC_LITERAL_CONVERSION = YES;
				CLANG_WARN_OBJC_ROOT_CLASS = YES_ERROR;
				CLANG_WARN_QUOTED_INCLUDE_IN_FRAMEWORK_HEADER = YES;
				CLANG_WARN_RANGE_LOOP_ANALYSIS = YES;
				CLANG_WARN_STRICT_PROTOTYPES = YES;
				CLANG_WARN_SUSPICIOUS_MOVE = YES;
				CLANG_WARN_UNGUARDED_AVAILABILITY = YES_AGGRESSIVE;
				CLANG_WARN_UNREACHABLE_CODE = YES;
				CLANG_WARN__DUPLICATE_METHOD_MATCH = YES;
				COPY_PHASE_STRIP = NO;
				DEBUG_INFORMATION_FORMAT = dwarf;
				ENABLE_STRICT_OBJC_MSGSEND = YES;
				ENABLE_TESTABILITY = YES;
				GCC_C_LANGUAGE_STANDARD = gnu11;
				GCC_DYNAMIC_NO_PIC = NO;
				GCC_NO_COMMON_BLOCKS = YES;
				GCC_OPTIMIZATION_LEVEL = 0;
				GCC_PREPROCESSOR_DEFINITIONS = (
					"DEBUG=1",
					"$(inherited)",
				);
				GCC_WARN_64_TO_32_BIT_CONVERSION = YES;
				GCC_WARN_ABOUT_RETURN_TYPE = YES_ERROR;
				GCC_WARN_UNDECLARED_SELECTOR = YES;
				GCC_WARN_UNINITIALIZED_AUTOS = YES_AGGRESSIVE;
				GCC_WARN_UNUSED_FUNCTION = YES;
				GCC_WARN_UNUSED_VARIABLE = YES;
				IPHONEOS_DEPLOYMENT_TARGET = 16.2;
				MTL_ENABLE_DEBUG_INFO = INCLUDE_SOURCE;
				MTL_FAST_MATH = YES;
				ONLY_ACTIVE_ARCH = YES;
				SDKROOT = iphoneos;
				SWIFT_ACTIVE_COMPILATION_CONDITIONS = DEBUG;
				SWIFT_OPTIMIZATION_LEVEL = "-Onone";
			};
			name = Debug;
		};
		017A5B5A2A0979FA00C2253A /* Release */ = {
			isa = XCBuildConfiguration;
			buildSettings = {
				ALWAYS_SEARCH_USER_PATHS = NO;
				CLANG_ANALYZER_NONNULL = YES;
				CLANG_ANALYZER_NUMBER_OBJECT_CONVERSION = YES_AGGRESSIVE;
				CLANG_CXX_LANGUAGE_STANDARD = "gnu++20";
				CLANG_ENABLE_MODULES = YES;
				CLANG_ENABLE_OBJC_ARC = YES;
				CLANG_ENABLE_OBJC_WEAK = YES;
				CLANG_WARN_BLOCK_CAPTURE_AUTORELEASING = YES;
				CLANG_WARN_BOOL_CONVERSION = YES;
				CLANG_WARN_COMMA = YES;
				CLANG_WARN_CONSTANT_CONVERSION = YES;
				CLANG_WARN_DEPRECATED_OBJC_IMPLEMENTATIONS = YES;
				CLANG_WARN_DIRECT_OBJC_ISA_USAGE = YES_ERROR;
				CLANG_WARN_DOCUMENTATION_COMMENTS = YES;
				CLANG_WARN_EMPTY_BODY = YES;
				CLANG_WARN_ENUM_CONVERSION = YES;
				CLANG_WARN_INFINITE_RECURSION = YES;
				CLANG_WARN_INT_CONVERSION = YES;
				CLANG_WARN_NON_LITERAL_NULL_CONVERSION = YES;
				CLANG_WARN_OBJC_IMPLICIT_RETAIN_SELF = YES;
				CLANG_WARN_OBJC_LITERAL_CONVERSION = YES;
				CLANG_WARN_OBJC_ROOT_CLASS = YES_ERROR;
				CLANG_WARN_QUOTED_INCLUDE_IN_FRAMEWORK_HEADER = YES;
				CLANG_WARN_RANGE_LOOP_ANALYSIS = YES;
				CLANG_WARN_STRICT_PROTOTYPES = YES;
				CLANG_WARN_SUSPICIOUS_MOVE = YES;
				CLANG_WARN_UNGUARDED_AVAILABILITY = YES_AGGRESSIVE;
				CLANG_WARN_UNREACHABLE_CODE = YES;
				CLANG_WARN__DUPLICATE_METHOD_MATCH = YES;
				COPY_PHASE_STRIP = NO;
				DEBUG_INFORMATION_FORMAT = "dwarf-with-dsym";
				ENABLE_NS_ASSERTIONS = NO;
				ENABLE_STRICT_OBJC_MSGSEND = YES;
				GCC_C_LANGUAGE_STANDARD = gnu11;
				GCC_NO_COMMON_BLOCKS = YES;
				GCC_WARN_64_TO_32_BIT_CONVERSION = YES;
				GCC_WARN_ABOUT_RETURN_TYPE = YES_ERROR;
				GCC_WARN_UNDECLARED_SELECTOR = YES;
				GCC_WARN_UNINITIALIZED_AUTOS = YES_AGGRESSIVE;
				GCC_WARN_UNUSED_FUNCTION = YES;
				GCC_WARN_UNUSED_VARIABLE = YES;
				IPHONEOS_DEPLOYMENT_TARGET = 16.2;
				MTL_ENABLE_DEBUG_INFO = NO;
				MTL_FAST_MATH = YES;
				SDKROOT = iphoneos;
				SWIFT_COMPILATION_MODE = wholemodule;
				SWIFT_OPTIMIZATION_LEVEL = "-O";
				VALIDATE_PRODUCT = YES;
			};
			name = Release;
		};
		017A5B5C2A0979FA00C2253A /* Debug */ = {
			isa = XCBuildConfiguration;
			buildSettings = {
				ASSETCATALOG_COMPILER_APPICON_NAME = AppIcon;
				ASSETCATALOG_COMPILER_GLOBAL_ACCENT_COLOR_NAME = AccentColor;
				CODE_SIGN_STYLE = Automatic;
				CURRENT_PROJECT_VERSION = 1;
				DEVELOPMENT_ASSET_PATHS = "\"AnimateImage/Preview Content\"";
				ENABLE_PREVIEWS = YES;
				GENERATE_INFOPLIST_FILE = YES;
				INFOPLIST_KEY_UIApplicationSceneManifest_Generation = YES;
				INFOPLIST_KEY_UIApplicationSupportsIndirectInputEvents = YES;
				INFOPLIST_KEY_UILaunchScreen_Generation = YES;
				INFOPLIST_KEY_UISupportedInterfaceOrientations_iPad = "UIInterfaceOrientationPortrait UIInterfaceOrientationPortraitUpsideDown UIInterfaceOrientationLandscapeLeft UIInterfaceOrientationLandscapeRight";
				INFOPLIST_KEY_UISupportedInterfaceOrientations_iPhone = "UIInterfaceOrientationPortrait UIInterfaceOrientationLandscapeLeft UIInterfaceOrientationLandscapeRight";
				LD_RUNPATH_SEARCH_PATHS = (
					"$(inherited)",
					"@executable_path/Frameworks",
				);
				MARKETING_VERSION = 1.0;
				PRODUCT_BUNDLE_IDENTIFIER = com.Yann.AnimateImage;
				PRODUCT_NAME = "$(TARGET_NAME)";
				SWIFT_EMIT_LOC_STRINGS = YES;
				SWIFT_VERSION = 5.0;
				TARGETED_DEVICE_FAMILY = "1,2";
			};
			name = Debug;
		};
		017A5B5D2A0979FA00C2253A /* Release */ = {
			isa = XCBuildConfiguration;
			buildSettings = {
				ASSETCATALOG_COMPILER_APPICON_NAME = AppIcon;
				ASSETCATALOG_COMPILER_GLOBAL_ACCENT_COLOR_NAME = AccentColor;
				CODE_SIGN_STYLE = Automatic;
				CURRENT_PROJECT_VERSION = 1;
				DEVELOPMENT_ASSET_PATHS = "\"AnimateImage/Preview Content\"";
				ENABLE_PREVIEWS = YES;
				GENERATE_INFOPLIST_FILE = YES;
				INFOPLIST_KEY_UIApplicationSceneManifest_Generation = YES;
				INFOPLIST_KEY_UIApplicationSupportsIndirectInputEvents = YES;
				INFOPLIST_KEY_UILaunchScreen_Generation = YES;
				INFOPLIST_KEY_UISupportedInterfaceOrientations_iPad = "UIInterfaceOrientationPortrait UIInterfaceOrientationPortraitUpsideDown UIInterfaceOrientationLandscapeLeft UIInterfaceOrientationLandscapeRight";
				INFOPLIST_KEY_UISupportedInterfaceOrientations_iPhone = "UIInterfaceOrientationPortrait UIInterfaceOrientationLandscapeLeft UIInterfaceOrientationLandscapeRight";
				LD_RUNPATH_SEARCH_PATHS = (
					"$(inherited)",
					"@executable_path/Frameworks",
				);
				MARKETING_VERSION = 1.0;
				PRODUCT_BUNDLE_IDENTIFIER = com.Yann.AnimateImage;
				PRODUCT_NAME = "$(TARGET_NAME)";
				SWIFT_EMIT_LOC_STRINGS = YES;
				SWIFT_VERSION = 5.0;
				TARGETED_DEVICE_FAMILY = "1,2";
			};
			name = Release;
		};
/* End XCBuildConfiguration section */

/* Begin XCConfigurationList section */
		017A5B482A0979F700C2253A /* Build configuration list for PBXProject "AnimateImage" */ = {
			isa = XCConfigurationList;
			buildConfigurations = (
				017A5B592A0979FA00C2253A /* Debug */,
				017A5B5A2A0979FA00C2253A /* Release */,
			);
			defaultConfigurationIsVisible = 0;
			defaultConfigurationName = Release;
		};
		017A5B5B2A0979FA00C2253A /* Build configuration list for PBXNativeTarget "AnimateImage" */ = {
			isa = XCConfigurationList;
			buildConfigurations = (
				017A5B5C2A0979FA00C2253A /* Debug */,
				017A5B5D2A0979FA00C2253A /* Release */,
			);
			defaultConfigurationIsVisible = 0;
			defaultConfigurationName = Release;
		};
/* End XCConfigurationList section */
	};
	rootObject = 017A5B452A0979F700C2253A /* Project object */;
}
